
Microsoft Visual Studio Solution File, Format Version 12.00
# Visual Studio Version 16
VisualStudioVersion = 16.0.30804.86
MinimumVisualStudioVersion = 10.0.40219.1
Project("{FAE04EC0-301F-11D3-BF4B-00C04F79EFBC}") = "Antecipacao", "Antecipacao\Antecipacao.csproj", "{52007DE5-1E92-44A6-9272-9140412AFD91}"
EndProject
Project("{FAE04EC0-301F-11D3-BF4B-00C04F79EFBC}") = "Parceiro", "Parceiro\Parceiro.csproj", "{31F53559-1552-438D-9523-5B64FDF59FF0}"
EndProject
Project("{FAE04EC0-301F-11D3-BF4B-00C04F79EFBC}") = "Shared", "Shared\Shared.csproj", "{6BCAEB9B-C28E-4FE2-92BC-CF7E5562F4F9}"
EndProject
Global
	GlobalSection(SolutionConfigurationPlatforms) = preSolution
		Debug|Any CPU = Debug|Any CPU
		Release|Any CPU = Release|Any CPU
	EndGlobalSection
	GlobalSection(ProjectConfigurationPlatforms) = postSolution
		{52007DE5-1E92-44A6-9272-9140412AFD91}.Debug|Any CPU.ActiveCfg = Debug|Any CPU
		{52007DE5-1E92-44A6-9272-9140412AFD91}.Debug|Any CPU.Build.0 = Debug|Any CPU
		{52007DE5-1E92-44A6-9272-9140412AFD91}.Release|Any CPU.ActiveCfg = Release|Any CPU
		{52007DE5-1E92-44A6-9272-9140412AFD91}.Release|Any CPU.Build.0 = Release|Any CPU
		{31F53559-1552-438D-9523-5B64FDF59FF0}.Debug|Any CPU.ActiveCfg = Debug|Any CPU
		{31F53559-1552-438D-9523-5B64FDF59FF0}.Debug|Any CPU.Build.0 = Debug|Any CPU
		{31F53559-1552-438D-9523-5B64FDF59FF0}.Release|Any CPU.ActiveCfg = Release|Any CPU
		{31F53559-1552-438D-9523-5B64FDF59FF0}.Release|Any CPU.Build.0 = Release|Any CPU
		{6BCAEB9B-C28E-4FE2-92BC-CF7E5562F4F9}.Debug|Any CPU.ActiveCfg = Debug|Any CPU
		{6BCAEB9B-C28E-4FE2-92BC-CF7E5562F4F9}.Debug|Any CPU.Build.0 = Debug|Any CPU
		{6BCAEB9B-C28E-4FE2-92BC-CF7E5562F4F9}.Release|Any CPU.ActiveCfg = Release|Any CPU
		{6BCAEB9B-C28E-4FE2-92BC-CF7E5562F4F9}.Release|Any CPU.Build.0 = Release|Any CPU
	EndGlobalSection
	GlobalSection(SolutionProperties) = preSolution
		HideSolutionNode = FALSE
	EndGlobalSection
	GlobalSection(ExtensibilityGlobals) = postSolution
		SolutionGuid = {B338077C-8D4F-43C8-A397-02D290BD6260}
	EndGlobalSection
EndGlobal
